Microsoft Visual Studio Solution File, Format Version 12.00
# Visual Studio Version 17
VisualStudioVersion = 17.8.34322.80
MinimumVisualStudioVersion = 10.0.40219.1
Project("{9A19103F-16F7-4668-BE54-9A1E7A4F7556}") = "CommonAPI", "libs\BRC-CommonAPI\CommonAPI.csproj", "{DA5B9467-77E9-46B0-893A-31B89DF3AF03}"
EndProject
Project("{9A19103F-16F7-4668-BE54-9A1E7A4F7556}") = "MapStation.Common", "MapStation.Common\MapStation.Common.csproj", "{6B5A7774-7B63-483A-A5C8-70DC64C6F054}"
EndProject
Project("{9A19103F-16F7-4668-BE54-9A1E7A4F7556}") = "CrewBoomAPI", "libs\CrewBoomAPI\CrewBoomAPI.csproj", "{466970AD-547B-43D4-8BE0-C295D143699B}"
EndProject
Project("{9A19103F-16F7-4668-BE54-9A1E7A4F7556}") = "MapStation.Plugin", "MapStation.Plugin\MapStation.Plugin.csproj", "{FBC8CD1B-A903-4358-B363-2AE1BC53E097}"
EndProject
Project("{9A19103F-16F7-4668-BE54-9A1E7A4F7556}") = "TypeForwarder", "TypeForwarder\TypeForwarder.csproj", "{A2938619-1A80-4D91-930D-D674B0B06031}"
EndProject
Project("{9A19103F-16F7-4668-BE54-9A1E7A4F7556}") = "MapStation.API", "MapStation.API\MapStation.API.csproj", "{44B40577-3D4A-4B6D-880B-92EC583699E4}"
EndProject
Project("{9A19103F-16F7-4668-BE54-9A1E7A4F7556}") = "MapStation.Common-UnityEditor", "MapStation.Common\MapStation.Common-UnityEditor.csproj", "{3B432B65-F4CE-47D1-8FB9-5BC26595D669}"
EndProject
Project("{9A19103F-16F7-4668-BE54-9A1E7A4F7556}") = "MapStation.Tools", "MapStation.Tools\MapStation.Tools.csproj", "{1920E417-194D-44F6-B2BB-EE713BC0FCAC}"
EndProject
Project("{FAE04EC0-301F-11D3-BF4B-00C04F79EFBC}") = "SlopCrewClient", "libs\SlopCrewClient\SlopCrewClient\SlopCrewClient.csproj", "{A148FFDA-2617-45B5-AD09-6E1369617520}"
EndProject
Global
	GlobalSection(SolutionConfigurationPlatforms) = preSolution
		Debug|Any CPU = Debug|Any CPU
		Release|Any CPU = Release|Any CPU
	EndGlobalSection
	GlobalSection(ProjectConfigurationPlatforms) = postSolution
		{DA5B9467-77E9-46B0-893A-31B89DF3AF03}.Debug|Any CPU.ActiveCfg = Debug|Any CPU
		{DA5B9467-77E9-46B0-893A-31B89DF3AF03}.Debug|Any CPU.Build.0 = Debug|Any CPU
		{DA5B9467-77E9-46B0-893A-31B89DF3AF03}.Release|Any CPU.ActiveCfg = Release|Any CPU
		{DA5B9467-77E9-46B0-893A-31B89DF3AF03}.Release|Any CPU.Build.0 = Release|Any CPU
		{6B5A7774-7B63-483A-A5C8-70DC64C6F054}.Debug|Any CPU.ActiveCfg = Debug|Any CPU
		{6B5A7774-7B63-483A-A5C8-70DC64C6F054}.Debug|Any CPU.Build.0 = Debug|Any CPU
		{6B5A7774-7B63-483A-A5C8-70DC64C6F054}.Release|Any CPU.ActiveCfg = Release|Any CPU
		{6B5A7774-7B63-483A-A5C8-70DC64C6F054}.Release|Any CPU.Build.0 = Release|Any CPU
		{466970AD-547B-43D4-8BE0-C295D143699B}.Debug|Any CPU.ActiveCfg = Debug|Any CPU
		{466970AD-547B-43D4-8BE0-C295D143699B}.Debug|Any CPU.Build.0 = Debug|Any CPU
		{466970AD-547B-43D4-8BE0-C295D143699B}.Release|Any CPU.ActiveCfg = Release|Any CPU
		{466970AD-547B-43D4-8BE0-C295D143699B}.Release|Any CPU.Build.0 = Release|Any CPU
		{FBC8CD1B-A903-4358-B363-2AE1BC53E097}.Debug|Any CPU.ActiveCfg = Debug|Any CPU
		{FBC8CD1B-A903-4358-B363-2AE1BC53E097}.Debug|Any CPU.Build.0 = Debug|Any CPU
		{FBC8CD1B-A903-4358-B363-2AE1BC53E097}.Release|Any CPU.ActiveCfg = Release|Any CPU
		{FBC8CD1B-A903-4358-B363-2AE1BC53E097}.Release|Any CPU.Build.0 = Release|Any CPU
		{A2938619-1A80-4D91-930D-D674B0B06031}.Debug|Any CPU.ActiveCfg = Debug|Any CPU
		{A2938619-1A80-4D91-930D-D674B0B06031}.Debug|Any CPU.Build.0 = Debug|Any CPU
		{A2938619-1A80-4D91-930D-D674B0B06031}.Release|Any CPU.ActiveCfg = Release|Any CPU
		{A2938619-1A80-4D91-930D-D674B0B06031}.Release|Any CPU.Build.0 = Release|Any CPU
		{44B40577-3D4A-4B6D-880B-92EC583699E4}.Debug|Any CPU.ActiveCfg = Debug|Any CPU
		{44B40577-3D4A-4B6D-880B-92EC583699E4}.Debug|Any CPU.Build.0 = Debug|Any CPU
		{44B40577-3D4A-4B6D-880B-92EC583699E4}.Release|Any CPU.ActiveCfg = Release|Any CPU
		{44B40577-3D4A-4B6D-880B-92EC583699E4}.Release|Any CPU.Build.0 = Release|Any CPU
		{3B432B65-F4CE-47D1-8FB9-5BC26595D669}.Debug|Any CPU.ActiveCfg = Debug|Any CPU
		{3B432B65-F4CE-47D1-8FB9-5BC26595D669}.Release|Any CPU.ActiveCfg = Release|Any CPU
		{1920E417-194D-44F6-B2BB-EE713BC0FCAC}.Debug|Any CPU.ActiveCfg = Debug|Any CPU
		{1920E417-194D-44F6-B2BB-EE713BC0FCAC}.Release|Any CPU.ActiveCfg = Release|Any CPU
		{A148FFDA-2617-45B5-AD09-6E1369617520}.Debug|Any CPU.ActiveCfg = Debug|Any CPU
		{A148FFDA-2617-45B5-AD09-6E1369617520}.Debug|Any CPU.Build.0 = Debug|Any CPU
		{A148FFDA-2617-45B5-AD09-6E1369617520}.Release|Any CPU.ActiveCfg = Release|Any CPU
		{A148FFDA-2617-45B5-AD09-6E1369617520}.Release|Any CPU.Build.0 = Release|Any CPU
	EndGlobalSection
	GlobalSection(SolutionProperties) = preSolution
		HideSolutionNode = FALSE
	EndGlobalSection
	GlobalSection(ExtensibilityGlobals) = postSolution
		SolutionGuid = {ADED7F9E-8C2A-4595-B3CA-C6BC85FE9C89}
	EndGlobalSection
EndGlobal
