Microsoft Visual Studio Solution File, Format Version 12.00
# Visual Studio Version 17
VisualStudioVersion = 17.8.34322.80
MinimumVisualStudioVersion = 10.0.40219.1
Project("{9A19103F-16F7-4668-BE54-9A1E7A4F7556}") = "CommonAPI", "libs\BRC-CommonAPI\CommonAPI.csproj", "{DA5B9467-77E9-46B0-893A-31B89DF3AF03}"
EndProject
Project("{9A19103F-16F7-4668-BE54-9A1E7A4F7556}") = "MapStation.Common", "MapStation.Common\MapStation.Common.csproj", "{6B5A7774-7B63-483A-A5C8-70DC64C6F054}"
EndProject
Project("{9A19103F-16F7-4668-BE54-9A1E7A4F7556}") = "CrewBoomAPI", "libs\CrewBoomAPI\CrewBoomAPI.csproj", "{466970AD-547B-43D4-8BE0-C295D143699B}"
EndProject
Project("{9A19103F-16F7-4668-BE54-9A1E7A4F7556}") = "MapStation.Plugin", "MapStation.Plugin\MapStation.Plugin.csproj", "{FBC8CD1B-A903-4358-B363-2AE1BC53E097}"
EndProject
Project("{9A19103F-16F7-4668-BE54-9A1E7A4F7556}") = "MapStation.Tools-alternative", "MapStation.Editor\MapStation.Tools-alternative.csproj", "{9B2C1A54-B259-9C5A-B027-474E0EEA6FE2}"
EndProject
Project("{9A19103F-16F7-4668-BE54-9A1E7A4F7556}") = "MapStation.Tools.Editor-alternative", "MapStation.Editor\MapStation.Tools.Editor-alternative.csproj", "{9B9AFB96-E4BF-13E0-3F17-98886361F550}"
EndProject
Project("{9A19103F-16F7-4668-BE54-9A1E7A4F7556}") = "TypeForwarder", "TypeForwarder\TypeForwarder.csproj", "{A2938619-1A80-4D91-930D-D674B0B06031}"
EndProject
Project("{FAE04EC0-301F-11D3-BF4B-00C04F79EFBC}") = "MapStation.API", "MapStation.API\MapStation.API.csproj", "{44B40577-3D4A-4B6D-880B-92EC583699E4}"
EndProject
Global
	GlobalSection(SolutionConfigurationPlatforms) = preSolution
		Debug|Any CPU = Debug|Any CPU
		Release|Any CPU = Release|Any CPU
	EndGlobalSection
	GlobalSection(ProjectConfigurationPlatforms) = postSolution
		{DA5B9467-77E9-46B0-893A-31B89DF3AF03}.Debug|Any CPU.ActiveCfg = Debug|Any CPU
		{DA5B9467-77E9-46B0-893A-31B89DF3AF03}.Debug|Any CPU.Build.0 = Debug|Any CPU
		{DA5B9467-77E9-46B0-893A-31B89DF3AF03}.Release|Any CPU.ActiveCfg = Release|Any CPU
		{DA5B9467-77E9-46B0-893A-31B89DF3AF03}.Release|Any CPU.Build.0 = Release|Any CPU
		{6B5A7774-7B63-483A-A5C8-70DC64C6F054}.Debug|Any CPU.ActiveCfg = Debug|Any CPU
		{6B5A7774-7B63-483A-A5C8-70DC64C6F054}.Debug|Any CPU.Build.0 = Debug|Any CPU
		{6B5A7774-7B63-483A-A5C8-70DC64C6F054}.Release|Any CPU.ActiveCfg = Release|Any CPU
		{6B5A7774-7B63-483A-A5C8-70DC64C6F054}.Release|Any CPU.Build.0 = Release|Any CPU
		{466970AD-547B-43D4-8BE0-C295D143699B}.Debug|Any CPU.ActiveCfg = Debug|Any CPU
		{466970AD-547B-43D4-8BE0-C295D143699B}.Debug|Any CPU.Build.0 = Debug|Any CPU
		{466970AD-547B-43D4-8BE0-C295D143699B}.Release|Any CPU.ActiveCfg = Release|Any CPU
		{466970AD-547B-43D4-8BE0-C295D143699B}.Release|Any CPU.Build.0 = Release|Any CPU
		{FBC8CD1B-A903-4358-B363-2AE1BC53E097}.Debug|Any CPU.ActiveCfg = Debug|Any CPU
		{FBC8CD1B-A903-4358-B363-2AE1BC53E097}.Debug|Any CPU.Build.0 = Debug|Any CPU
		{FBC8CD1B-A903-4358-B363-2AE1BC53E097}.Release|Any CPU.ActiveCfg = Release|Any CPU
		{FBC8CD1B-A903-4358-B363-2AE1BC53E097}.Release|Any CPU.Build.0 = Release|Any CPU
		{9B2C1A54-B259-9C5A-B027-474E0EEA6FE2}.Debug|Any CPU.ActiveCfg = Debug|Any CPU
		{9B2C1A54-B259-9C5A-B027-474E0EEA6FE2}.Release|Any CPU.ActiveCfg = Release|Any CPU
		{9B9AFB96-E4BF-13E0-3F17-98886361F550}.Debug|Any CPU.ActiveCfg = Debug|Any CPU
		{9B9AFB96-E4BF-13E0-3F17-98886361F550}.Release|Any CPU.ActiveCfg = Release|Any CPU
		{A2938619-1A80-4D91-930D-D674B0B06031}.Debug|Any CPU.ActiveCfg = Debug|Any CPU
		{A2938619-1A80-4D91-930D-D674B0B06031}.Debug|Any CPU.Build.0 = Debug|Any CPU
		{A2938619-1A80-4D91-930D-D674B0B06031}.Release|Any CPU.ActiveCfg = Release|Any CPU
		{A2938619-1A80-4D91-930D-D674B0B06031}.Release|Any CPU.Build.0 = Release|Any CPU
		{44B40577-3D4A-4B6D-880B-92EC583699E4}.Debug|Any CPU.ActiveCfg = Debug|Any CPU
		{44B40577-3D4A-4B6D-880B-92EC583699E4}.Debug|Any CPU.Build.0 = Debug|Any CPU
		{44B40577-3D4A-4B6D-880B-92EC583699E4}.Release|Any CPU.ActiveCfg = Release|Any CPU
		{44B40577-3D4A-4B6D-880B-92EC583699E4}.Release|Any CPU.Build.0 = Release|Any CPU
	EndGlobalSection
	GlobalSection(SolutionProperties) = preSolution
		HideSolutionNode = FALSE
	EndGlobalSection
	GlobalSection(ExtensibilityGlobals) = postSolution
		SolutionGuid = {ADED7F9E-8C2A-4595-B3CA-C6BC85FE9C89}
	EndGlobalSection
EndGlobal
